
Microsoft Visual Studio Solution File, Format Version 12.00
# Visual Studio Version 16
VisualStudioVersion = 16.0.31624.102
MinimumVisualStudioVersion = 10.0.40219.1
Project("{FAE04EC0-301F-11D3-BF4B-00C04F79EFBC}") = "CabInvoiceGenerator", "CabInvoiceGenerator\CabInvoiceGenerator.csproj", "{FFCCAC64-19F1-4C31-B892-3C75FB76D84D}"
EndProject
Project("{FAE04EC0-301F-11D3-BF4B-00C04F79EFBC}") = "TestProject1", "TestProject1\TestProject1.csproj", "{8010563C-69C5-4F02-BA5B-4E5DCBD54BED}"
EndProject
Global
	GlobalSection(SolutionConfigurationPlatforms) = preSolution
		Debug|Any CPU = Debug|Any CPU
		Release|Any CPU = Release|Any CPU
	EndGlobalSection
	GlobalSection(ProjectConfigurationPlatforms) = postSolution
		{FFCCAC64-19F1-4C31-B892-3C75FB76D84D}.Debug|Any CPU.ActiveCfg = Debug|Any CPU
		{FFCCAC64-19F1-4C31-B892-3C75FB76D84D}.Debug|Any CPU.Build.0 = Debug|Any CPU
		{FFCCAC64-19F1-4C31-B892-3C75FB76D84D}.Release|Any CPU.ActiveCfg = Release|Any CPU
		{FFCCAC64-19F1-4C31-B892-3C75FB76D84D}.Release|Any CPU.Build.0 = Release|Any CPU
		{8010563C-69C5-4F02-BA5B-4E5DCBD54BED}.Debug|Any CPU.ActiveCfg = Debug|Any CPU
		{8010563C-69C5-4F02-BA5B-4E5DCBD54BED}.Debug|Any CPU.Build.0 = Debug|Any CPU
		{8010563C-69C5-4F02-BA5B-4E5DCBD54BED}.Release|Any CPU.ActiveCfg = Release|Any CPU
		{8010563C-69C5-4F02-BA5B-4E5DCBD54BED}.Release|Any CPU.Build.0 = Release|Any CPU
	EndGlobalSection
	GlobalSection(SolutionProperties) = preSolution
		HideSolutionNode = FALSE
	EndGlobalSection
	GlobalSection(ExtensibilityGlobals) = postSolution
		SolutionGuid = {FF35D5B5-E6C5-4AEB-B465-A433071759F5}
	EndGlobalSection
EndGlobal
